
Microsoft Visual Studio Solution File, Format Version 12.00
# Visual Studio 15
VisualStudioVersion = 15.0.27130.2010
MinimumVisualStudioVersion = 10.0.40219.1
Project("{FAE04EC0-301F-11D3-BF4B-00C04F79EFBC}") = "AWSSTT", "AWSSTT\AWSSTT.csproj", "{3B964A02-D71B-420D-B690-0C0A44421912}"
EndProject
Global
	GlobalSection(SolutionConfigurationPlatforms) = preSolution
		Debug|Any CPU = Debug|Any CPU
		Release|Any CPU = Release|Any CPU
	EndGlobalSection
	GlobalSection(ProjectConfigurationPlatforms) = postSolution
		{3B964A02-D71B-420D-B690-0C0A44421912}.Debug|Any CPU.ActiveCfg = Debug|Any CPU
		{3B964A02-D71B-420D-B690-0C0A44421912}.Debug|Any CPU.Build.0 = Debug|Any CPU
		{3B964A02-D71B-420D-B690-0C0A44421912}.Release|Any CPU.ActiveCfg = Release|Any CPU
		{3B964A02-D71B-420D-B690-0C0A44421912}.Release|Any CPU.Build.0 = Release|Any CPU
	EndGlobalSection
	GlobalSection(SolutionProperties) = preSolution
		HideSolutionNode = FALSE
	EndGlobalSection
	GlobalSection(ExtensibilityGlobals) = postSolution
		SolutionGuid = {885757DC-9100-4D6C-99C1-50CDEE58C35E}
	EndGlobalSection
EndGlobal
